// !$*UTF8*$!
{
	archiveVersion = 1;
	classes = {
	};
	objectVersion = 56;
	objects = {

/* Begin PBXBuildFile section */
		8461BFB72A0227D100C0A989 /* AppDelegate.swift in Sources */ = {isa = PBXBuildFile; fileRef = 8461BFB62A0227D100C0A989 /* AppDelegate.swift */; };
		8461BFB92A0227D100C0A989 /* SceneDelegate.swift in Sources */ = {isa = PBXBuildFile; fileRef = 8461BFB82A0227D100C0A989 /* SceneDelegate.swift */; };
		8461BFBB2A0227D100C0A989 /* ViewController.swift in Sources */ = {isa = PBXBuildFile; fileRef = 8461BFBA2A0227D100C0A989 /* ViewController.swift */; };
		8461BFBE2A0227D100C0A989 /* Main.storyboard in Resources */ = {isa = PBXBuildFile; fileRef = 8461BFBC2A0227D100C0A989 /* Main.storyboard */; };
		8461BFC02A0227D200C0A989 /* Assets.xcassets in Resources */ = {isa = PBXBuildFile; fileRef = 8461BFBF2A0227D200C0A989 /* Assets.xcassets */; };
		8461BFC32A0227D200C0A989 /* LaunchScreen.storyboard in Resources */ = {isa = PBXBuildFile; fileRef = 8461BFC12A0227D200C0A989 /* LaunchScreen.storyboard */; };
		8461BFCB2A0227E300C0A989 /* ViewModel.swift in Sources */ = {isa = PBXBuildFile; fileRef = 8461BFCA2A0227E300C0A989 /* ViewModel.swift */; };
		84ECD1752A0B7279009F3E33 /* NetworkManager.swift in Sources */ = {isa = PBXBuildFile; fileRef = 84ECD1742A0B7279009F3E33 /* NetworkManager.swift */; };
		84ECD1792A0B7796009F3E33 /* Model.swift in Sources */ = {isa = PBXBuildFile; fileRef = 84ECD1782A0B7796009F3E33 /* Model.swift */; };
/* End PBXBuildFile section */

/* Begin PBXFileReference section */
		8461BFB32A0227D100C0A989 /* Demo_Combine.app */ = {isa = PBXFileReference; explicitFileType = wrapper.application; includeInIndex = 0; path = Demo_Combine.app; sourceTree = BUILT_PRODUCTS_DIR; };
		8461BFB62A0227D100C0A989 /* AppDelegate.swift */ = {isa = PBXFileReference; lastKnownFileType = sourcecode.swift; path = AppDelegate.swift; sourceTree = "<group>"; };
		8461BFB82A0227D100C0A989 /* SceneDelegate.swift */ = {isa = PBXFileReference; lastKnownFileType = sourcecode.swift; path = SceneDelegate.swift; sourceTree = "<group>"; };
		8461BFBA2A0227D100C0A989 /* ViewController.swift */ = {isa = PBXFileReference; lastKnownFileType = sourcecode.swift; path = ViewController.swift; sourceTree = "<group>"; };
		8461BFBD2A0227D100C0A989 /* Base */ = {isa = PBXFileReference; lastKnownFileType = file.storyboard; name = Base; path = Base.lproj/Main.storyboard; sourceTree = "<group>"; };
		8461BFBF2A0227D200C0A989 /* Assets.xcassets */ = {isa = PBXFileReference; lastKnownFileType = folder.assetcatalog; path = Assets.xcassets; sourceTree = "<group>"; };
		8461BFC22A0227D200C0A989 /* Base */ = {isa = PBXFileReference; lastKnownFileType = file.storyboard; name = Base; path = Base.lproj/LaunchScreen.storyboard; sourceTree = "<group>"; };
		8461BFC42A0227D200C0A989 /* Info.plist */ = {isa = PBXFileReference; lastKnownFileType = text.plist.xml; path = Info.plist; sourceTree = "<group>"; };
		8461BFCA2A0227E300C0A989 /* ViewModel.swift */ = {isa = PBXFileReference; lastKnownFileType = sourcecode.swift; path = ViewModel.swift; sourceTree = "<group>"; };
		84ECD1742A0B7279009F3E33 /* NetworkManager.swift */ = {isa = PBXFileReference; lastKnownFileType = sourcecode.swift; path = NetworkManager.swift; sourceTree = "<group>"; };
		84ECD1782A0B7796009F3E33 /* Model.swift */ = {isa = PBXFileReference; lastKnownFileType = sourcecode.swift; path = Model.swift; sourceTree = "<group>"; };
/* End PBXFileReference section */

/* Begin PBXFrameworksBuildPhase section */
		8461BFB02A0227D100C0A989 /* Frameworks */ = {
			isa = PBXFrameworksBuildPhase;
			buildActionMask = 2147483647;
			files = (
			);
			runOnlyForDeploymentPostprocessing = 0;
		};
/* End PBXFrameworksBuildPhase section */

/* Begin PBXGroup section */
		8461BFAA2A0227D100C0A989 = {
			isa = PBXGroup;
			children = (
				8461BFB52A0227D100C0A989 /* Demo_Combine */,
				8461BFB42A0227D100C0A989 /* Products */,
			);
			sourceTree = "<group>";
		};
		8461BFB42A0227D100C0A989 /* Products */ = {
			isa = PBXGroup;
			children = (
				8461BFB32A0227D100C0A989 /* Demo_Combine.app */,
			);
			name = Products;
			sourceTree = "<group>";
		};
		8461BFB52A0227D100C0A989 /* Demo_Combine */ = {
			isa = PBXGroup;
			children = (
				8461BFB62A0227D100C0A989 /* AppDelegate.swift */,
				8461BFB82A0227D100C0A989 /* SceneDelegate.swift */,
				8461BFBA2A0227D100C0A989 /* ViewController.swift */,
				8461BFBC2A0227D100C0A989 /* Main.storyboard */,
				8461BFBF2A0227D200C0A989 /* Assets.xcassets */,
				8461BFC12A0227D200C0A989 /* LaunchScreen.storyboard */,
				8461BFC42A0227D200C0A989 /* Info.plist */,
				8461BFCA2A0227E300C0A989 /* ViewModel.swift */,
				84ECD1742A0B7279009F3E33 /* NetworkManager.swift */,
				84ECD1782A0B7796009F3E33 /* Model.swift */,
			);
			path = Demo_Combine;
			sourceTree = "<group>";
		};
/* End PBXGroup section */

/* Begin PBXNativeTarget section */
		8461BFB22A0227D100C0A989 /* Demo_Combine */ = {
			isa = PBXNativeTarget;
			buildConfigurationList = 8461BFC72A0227D200C0A989 /* Build configuration list for PBXNativeTarget "Demo_Combine" */;
			buildPhases = (
				8461BFAF2A0227D100C0A989 /* Sources */,
				8461BFB02A0227D100C0A989 /* Frameworks */,
				8461BFB12A0227D100C0A989 /* Resources */,
			);
			buildRules = (
			);
			dependencies = (
			);
			name = Demo_Combine;
			productName = Demo_Combine;
			productReference = 8461BFB32A0227D100C0A989 /* Demo_Combine.app */;
			productType = "com.apple.product-type.application";
		};
/* End PBXNativeTarget section */

/* Begin PBXProject section */
		8461BFAB2A0227D100C0A989 /* Project object */ = {
			isa = PBXProject;
			attributes = {
				BuildIndependentTargetsInParallel = 1;
				LastSwiftUpdateCheck = 1400;
				LastUpgradeCheck = 1400;
				TargetAttributes = {
					8461BFB22A0227D100C0A989 = {
						CreatedOnToolsVersion = 14.0;
					};
				};
			};
			buildConfigurationList = 8461BFAE2A0227D100C0A989 /* Build configuration list for PBXProject "Demo_Combine" */;
			compatibilityVersion = "Xcode 14.0";
			developmentRegion = en;
			hasScannedForEncodings = 0;
			knownRegions = (
				en,
				Base,
			);
			mainGroup = 8461BFAA2A0227D100C0A989;
			productRefGroup = 8461BFB42A0227D100C0A989 /* Products */;
			projectDirPath = "";
			projectRoot = "";
			targets = (
				8461BFB22A0227D100C0A989 /* Demo_Combine */,
			);
		};
/* End PBXProject section */

/* Begin PBXResourcesBuildPhase section */
		8461BFB12A0227D100C0A989 /* Resources */ = {
			isa = PBXResourcesBuildPhase;
			buildActionMask = 2147483647;
			files = (
				8461BFC32A0227D200C0A989 /* LaunchScreen.storyboard in Resources */,
				8461BFC02A0227D200C0A989 /* Assets.xcassets in Resources */,
				8461BFBE2A0227D100C0A989 /* Main.storyboard in Resources */,
			);
			runOnlyForDeploymentPostprocessing = 0;
		};
/* End PBXResourcesBuildPhase section */

/* Begin PBXSourcesBuildPhase section */
		8461BFAF2A0227D100C0A989 /* Sources */ = {
			isa = PBXSourcesBuildPhase;
			buildActionMask = 2147483647;
			files = (
				8461BFBB2A0227D100C0A989 /* ViewController.swift in Sources */,
				8461BFB72A0227D100C0A989 /* AppDelegate.swift in Sources */,
				84ECD1752A0B7279009F3E33 /* NetworkManager.swift in Sources */,
				84ECD1792A0B7796009F3E33 /* Model.swift in Sources */,
				8461BFCB2A0227E300C0A989 /* ViewModel.swift in Sources */,
				8461BFB92A0227D100C0A989 /* SceneDelegate.swift in Sources */,
			);
			runOnlyForDeploymentPostprocessing = 0;
		};
/* End PBXSourcesBuildPhase section */

/* Begin PBXVariantGroup section */
		8461BFBC2A0227D100C0A989 /* Main.storyboard */ = {
			isa = PBXVariantGroup;
			children = (
				8461BFBD2A0227D100C0A989 /* Base */,
			);
			name = Main.storyboard;
			sourceTree = "<group>";
		};
		8461BFC12A0227D200C0A989 /* LaunchScreen.storyboard */ = {
			isa = PBXVariantGroup;
			children = (
				8461BFC22A0227D200C0A989 /* Base */,
			);
			name = LaunchScreen.storyboard;
			sourceTree = "<group>";
		};
/* End PBXVariantGroup section */

/* Begin XCBuildConfiguration section */
		8461BFC52A0227D200C0A989 /* Debug */ = {
			isa = XCBuildConfiguration;
			buildSettings = {
				ALWAYS_SEARCH_USER_PATHS = NO;
				CLANG_ANALYZER_NONNULL = YES;
				CLANG_ANALYZER_NUMBER_OBJECT_CONVERSION = YES_AGGRESSIVE;
				CLANG_CXX_LANGUAGE_STANDARD = "gnu++20";
				CLANG_ENABLE_MODULES = YES;
				CLANG_ENABLE_OBJC_ARC = YES;
				CLANG_ENABLE_OBJC_WEAK = YES;
				CLANG_WARN_BLOCK_CAPTURE_AUTORELEASING = YES;
				CLANG_WARN_BOOL_CONVERSION = YES;
				CLANG_WARN_COMMA = YES;
				CLANG_WARN_CONSTANT_CONVERSION = YES;
				CLANG_WARN_DEPRECATED_OBJC_IMPLEMENTATIONS = YES;
				CLANG_WARN_DIRECT_OBJC_ISA_USAGE = YES_ERROR;
				CLANG_WARN_DOCUMENTATION_COMMENTS = YES;
				CLANG_WARN_EMPTY_BODY = YES;
				CLANG_WARN_ENUM_CONVERSION = YES;
				CLANG_WARN_INFINITE_RECURSION = YES;
				CLANG_WARN_INT_CONVERSION = YES;
				CLANG_WARN_NON_LITERAL_NULL_CONVERSION = YES;
				CLANG_WARN_OBJC_IMPLICIT_RETAIN_SELF = YES;
				CLANG_WARN_OBJC_LITERAL_CONVERSION = YES;
				CLANG_WARN_OBJC_ROOT_CLASS = YES_ERROR;
				CLANG_WARN_QUOTED_INCLUDE_IN_FRAMEWORK_HEADER = YES;
				CLANG_WARN_RANGE_LOOP_ANALYSIS = YES;
				CLANG_WARN_STRICT_PROTOTYPES = YES;
				CLANG_WARN_SUSPICIOUS_MOVE = YES;
				CLANG_WARN_UNGUARDED_AVAILABILITY = YES_AGGRESSIVE;
				CLANG_WARN_UNREACHABLE_CODE = YES;
				CLANG_WARN__DUPLICATE_METHOD_MATCH = YES;
				COPY_PHASE_STRIP = NO;
				DEBUG_INFORMATION_FORMAT = dwarf;
				ENABLE_STRICT_OBJC_MSGSEND = YES;
				ENABLE_TESTABILITY = YES;
				GCC_C_LANGUAGE_STANDARD = gnu11;
				GCC_DYNAMIC_NO_PIC = NO;
				GCC_NO_COMMON_BLOCKS = YES;
				GCC_OPTIMIZATION_LEVEL = 0;
				GCC_PREPROCESSOR_DEFINITIONS = (
					"DEBUG=1",
					"$(inherited)",
				);
				GCC_WARN_64_TO_32_BIT_CONVERSION = YES;
				GCC_WARN_ABOUT_RETURN_TYPE = YES_ERROR;
				GCC_WARN_UNDECLARED_SELECTOR = YES;
				GCC_WARN_UNINITIALIZED_AUTOS = YES_AGGRESSIVE;
				GCC_WARN_UNUSED_FUNCTION = YES;
				GCC_WARN_UNUSED_VARIABLE = YES;
				IPHONEOS_DEPLOYMENT_TARGET = 16.0;
				MTL_ENABLE_DEBUG_INFO = INCLUDE_SOURCE;
				MTL_FAST_MATH = YES;
				ONLY_ACTIVE_ARCH = YES;
				SDKROOT = iphoneos;
				SWIFT_ACTIVE_COMPILATION_CONDITIONS = DEBUG;
				SWIFT_OPTIMIZATION_LEVEL = "-Onone";
			};
			name = Debug;
		};
		8461BFC62A0227D200C0A989 /* Release */ = {
			isa = XCBuildConfiguration;
			buildSettings = {
				ALWAYS_SEARCH_USER_PATHS = NO;
				CLANG_ANALYZER_NONNULL = YES;
				CLANG_ANALYZER_NUMBER_OBJECT_CONVERSION = YES_AGGRESSIVE;
				CLANG_CXX_LANGUAGE_STANDARD = "gnu++20";
				CLANG_ENABLE_MODULES = YES;
				CLANG_ENABLE_OBJC_ARC = YES;
				CLANG_ENABLE_OBJC_WEAK = YES;
				CLANG_WARN_BLOCK_CAPTURE_AUTORELEASING = YES;
				CLANG_WARN_BOOL_CONVERSION = YES;
				CLANG_WARN_COMMA = YES;
				CLANG_WARN_CONSTANT_CONVERSION = YES;
				CLANG_WARN_DEPRECATED_OBJC_IMPLEMENTATIONS = YES;
				CLANG_WARN_DIRECT_OBJC_ISA_USAGE = YES_ERROR;
				CLANG_WARN_DOCUMENTATION_COMMENTS = YES;
				CLANG_WARN_EMPTY_BODY = YES;
				CLANG_WARN_ENUM_CONVERSION = YES;
				CLANG_WARN_INFINITE_RECURSION = YES;
				CLANG_WARN_INT_CONVERSION = YES;
				CLANG_WARN_NON_LITERAL_NULL_CONVERSION = YES;
				CLANG_WARN_OBJC_IMPLICIT_RETAIN_SELF = YES;
				CLANG_WARN_OBJC_LITERAL_CONVERSION = YES;
				CLANG_WARN_OBJC_ROOT_CLASS = YES_ERROR;
				CLANG_WARN_QUOTED_INCLUDE_IN_FRAMEWORK_HEADER = YES;
				CLANG_WARN_RANGE_LOOP_ANALYSIS = YES;
				CLANG_WARN_STRICT_PROTOTYPES = YES;
				CLANG_WARN_SUSPICIOUS_MOVE = YES;
				CLANG_WARN_UNGUARDED_AVAILABILITY = YES_AGGRESSIVE;
				CLANG_WARN_UNREACHABLE_CODE = YES;
				CLANG_WARN__DUPLICATE_METHOD_MATCH = YES;
				COPY_PHASE_STRIP = NO;
				DEBUG_INFORMATION_FORMAT = "dwarf-with-dsym";
				ENABLE_NS_ASSERTIONS = NO;
				ENABLE_STRICT_OBJC_MSGSEND = YES;
				GCC_C_LANGUAGE_STANDARD = gnu11;
				GCC_NO_COMMON_BLOCKS = YES;
				GCC_WARN_64_TO_32_BIT_CONVERSION = YES;
				GCC_WARN_ABOUT_RETURN_TYPE = YES_ERROR;
				GCC_WARN_UNDECLARED_SELECTOR = YES;
				GCC_WARN_UNINITIALIZED_AUTOS = YES_AGGRESSIVE;
				GCC_WARN_UNUSED_FUNCTION = YES;
				GCC_WARN_UNUSED_VARIABLE = YES;
				IPHONEOS_DEPLOYMENT_TARGET = 16.0;
				MTL_ENABLE_DEBUG_INFO = NO;
				MTL_FAST_MATH = YES;
				SDKROOT = iphoneos;
				SWIFT_COMPILATION_MODE = wholemodule;
				SWIFT_OPTIMIZATION_LEVEL = "-O";
				VALIDATE_PRODUCT = YES;
			};
			name = Release;
		};
		8461BFC82A0227D200C0A989 /* Debug */ = {
			isa = XCBuildConfiguration;
			buildSettings = {
				ASSETCATALOG_COMPILER_APPICON_NAME = AppIcon;
				ASSETCATALOG_COMPILER_GLOBAL_ACCENT_COLOR_NAME = AccentColor;
				CODE_SIGN_STYLE = Automatic;
				CURRENT_PROJECT_VERSION = 1;
				DEVELOPMENT_TEAM = TM3A4V6384;
				GENERATE_INFOPLIST_FILE = YES;
				INFOPLIST_FILE = Demo_Combine/Info.plist;
				INFOPLIST_KEY_UIApplicationSupportsIndirectInputEvents = YES;
				INFOPLIST_KEY_UILaunchStoryboardName = LaunchScreen;
				INFOPLIST_KEY_UIMainStoryboardFile = Main;
				INFOPLIST_KEY_UISupportedInterfaceOrientations_iPad = "UIInterfaceOrientationPortrait UIInterfaceOrientationPortraitUpsideDown UIInterfaceOrientationLandscapeLeft UIInterfaceOrientationLandscapeRight";
				INFOPLIST_KEY_UISupportedInterfaceOrientations_iPhone = "UIInterfaceOrientationPortrait UIInterfaceOrientationLandscapeLeft UIInterfaceOrientationLandscapeRight";
				LD_RUNPATH_SEARCH_PATHS = (
					"$(inherited)",
					"@executable_path/Frameworks",
				);
				MARKETING_VERSION = 1.0;
				PRODUCT_BUNDLE_IDENTIFIER = "clubjb.FirebaseDemo.Demo-Combine";
				PRODUCT_NAME = "$(TARGET_NAME)";
				SWIFT_EMIT_LOC_STRINGS = YES;
				SWIFT_VERSION = 5.0;
				TARGETED_DEVICE_FAMILY = "1,2";
			};
			name = Debug;
		};
		8461BFC92A0227D200C0A989 /* Release */ = {
			isa = XCBuildConfiguration;
			buildSettings = {
				ASSETCATALOG_COMPILER_APPICON_NAME = AppIcon;
				ASSETCATALOG_COMPILER_GLOBAL_ACCENT_COLOR_NAME = AccentColor;
				CODE_SIGN_STYLE = Automatic;
				CURRENT_PROJECT_VERSION = 1;
				DEVELOPMENT_TEAM = TM3A4V6384;
				GENERATE_INFOPLIST_FILE = YES;
				INFOPLIST_FILE = Demo_Combine/Info.plist;
				INFOPLIST_KEY_UIApplicationSupportsIndirectInputEvents = YES;
				INFOPLIST_KEY_UILaunchStoryboardName = LaunchScreen;
				INFOPLIST_KEY_UIMainStoryboardFile = Main;
				INFOPLIST_KEY_UISupportedInterfaceOrientations_iPad = "UIInterfaceOrientationPortrait UIInterfaceOrientationPortraitUpsideDown UIInterfaceOrientationLandscapeLeft UIInterfaceOrientationLandscapeRight";
				INFOPLIST_KEY_UISupportedInterfaceOrientations_iPhone = "UIInterfaceOrientationPortrait UIInterfaceOrientationLandscapeLeft UIInterfaceOrientationLandscapeRight";
				LD_RUNPATH_SEARCH_PATHS = (
					"$(inherited)",
					"@executable_path/Frameworks",
				);
				MARKETING_VERSION = 1.0;
				PRODUCT_BUNDLE_IDENTIFIER = "clubjb.FirebaseDemo.Demo-Combine";
				PRODUCT_NAME = "$(TARGET_NAME)";
				SWIFT_EMIT_LOC_STRINGS = YES;
				SWIFT_VERSION = 5.0;
				TARGETED_DEVICE_FAMILY = "1,2";
			};
			name = Release;
		};
/* End XCBuildConfiguration section */

/* Begin XCConfigurationList section */
		8461BFAE2A0227D100C0A989 /* Build configuration list for PBXProject "Demo_Combine" */ = {
			isa = XCConfigurationList;
			buildConfigurations = (
				8461BFC52A0227D200C0A989 /* Debug */,
				8461BFC62A0227D200C0A989 /* Release */,
			);
			defaultConfigurationIsVisible = 0;
			defaultConfigurationName = Release;
		};
		8461BFC72A0227D200C0A989 /* Build configuration list for PBXNativeTarget "Demo_Combine" */ = {
			isa = XCConfigurationList;
			buildConfigurations = (
				8461BFC82A0227D200C0A989 /* Debug */,
				8461BFC92A0227D200C0A989 /* Release */,
			);
			defaultConfigurationIsVisible = 0;
			defaultConfigurationName = Release;
		};
/* End XCConfigurationList section */
	};
	rootObject = 8461BFAB2A0227D100C0A989 /* Project object */;
}
